
Microsoft Visual Studio Solution File, Format Version 12.00
# Visual Studio Version 16
VisualStudioVersion = 16.0.28803.156
MinimumVisualStudioVersion = 15.0.26124.0
Project("{FAE04EC0-301F-11D3-BF4B-00C04F79EFBC}") = "Kickstart.Vsix", "src\Kickstart\Kickstart.Vsix\Kickstart.Vsix.csproj", "{AAD297C3-F835-4459-BCFA-77181DA5B544}"
EndProject
Project("{2150E333-8FDC-42A3-9474-1A3956D46DE8}") = "test", "test", "{C09B9773-E70C-4511-BB34-86B408C4DB78}"
EndProject
Project("{9A19103F-16F7-4668-BE54-9A1E7A4F7556}") = "Empty", "src\Kickstart\Empty\Empty.csproj", "{5448D070-946A-474B-8C84-3DDADBF306FE}"
EndProject
Project("{E53339B2-1760-4266-BCC7-CA923CBCF16C}") = "docker-compose", "src\Kickstart\docker-compose.dcproj", "{8DFF3633-BCB5-432F-94A3-3544D8DF5EC5}"
EndProject
Project("{9A19103F-16F7-4668-BE54-9A1E7A4F7556}") = "Kickstart.Web", "src\Kickstart\Kickstart.Web\Kickstart.Web.csproj", "{5D058C72-E564-4C03-A0C4-407522881002}"
EndProject
Project("{FAE04EC0-301F-11D3-BF4B-00C04F79EFBC}") = "Kickstart.App.Tests", "test\Kickstart.App.Tests\Kickstart.App.Tests.csproj", "{3191B816-2316-4E4B-BD2C-FF20087828B2}"
EndProject
Project("{FAE04EC0-301F-11D3-BF4B-00C04F79EFBC}") = "Kickstart.Test", "test\Kickstart.Test\Kickstart.Test.csproj", "{28F45C6F-203B-45A4-923A-C4FF1FE8C3E6}"
EndProject
Project("{9A19103F-16F7-4668-BE54-9A1E7A4F7556}") = "Kickstart.TemplateConverterService", "src\Kickstart\Kickstart.GroupService\Kickstart.TemplateConverterService.csproj", "{0E620BD0-A331-4659-98F2-5DEB76506F55}"
EndProject
Project("{9A19103F-16F7-4668-BE54-9A1E7A4F7556}") = "Kickstart.Core.NetStandard", "src\Kickstart\Kickstart.Core\Kickstart.Core.NetStandard.csproj", "{6A0C2630-66F1-4E7C-A47E-3059A3F5BDFB}"
EndProject
Project("{9A19103F-16F7-4668-BE54-9A1E7A4F7556}") = "Kickstart.SqlServer.SnakeCase.App", "src\Kickstart\Kickstart.SqlServer.SnakeCase.App\Kickstart.SqlServer.SnakeCase.App.csproj", "{CE0D79C5-4730-44DB-9C01-2D2C0321AF6F}"
EndProject
Project("{2150E333-8FDC-42A3-9474-1A3956D46DE8}") = "app", "app", "{5486CFAB-FDB9-4E73-B591-714A718C3CE1}"
EndProject
Project("{9A19103F-16F7-4668-BE54-9A1E7A4F7556}") = "Kickstart.Services.NetCore", "src\Kickstart\Kickstart.Services\Kickstart.Services.NetCore.csproj", "{1F3936C7-7263-485C-BE81-235A7953E41A}"
EndProject
Project("{2150E333-8FDC-42A3-9474-1A3956D46DE8}") = "service", "service", "{DD15368E-3F27-47E5-B13B-3F68AF063D02}"
EndProject
Project("{9A19103F-16F7-4668-BE54-9A1E7A4F7556}") = "Kickstart.Build.Services", "src\Kickstart\Kickstart.Build.Services\Kickstart.Build.Services.csproj", "{71D2CD21-A3EB-47B6-82B4-FBC766ADD1D9}"
EndProject
Project("{9A19103F-16F7-4668-BE54-9A1E7A4F7556}") = "Kickstart.Build", "src\Kickstart\Kickstart.Build\Kickstart.Build.csproj", "{2F80C938-3A49-478F-9106-BED5D2816494}"
EndProject
Global
	GlobalSection(SolutionConfigurationPlatforms) = preSolution
		Debug|Any CPU = Debug|Any CPU
		Debug|x64 = Debug|x64
		Debug|x86 = Debug|x86
		Release|Any CPU = Release|Any CPU
		Release|x64 = Release|x64
		Release|x86 = Release|x86
	EndGlobalSection
	GlobalSection(ProjectConfigurationPlatforms) = postSolution
		{AAD297C3-F835-4459-BCFA-77181DA5B544}.Debug|Any CPU.ActiveCfg = Debug|Any CPU
		{AAD297C3-F835-4459-BCFA-77181DA5B544}.Debug|Any CPU.Build.0 = Debug|Any CPU
		{AAD297C3-F835-4459-BCFA-77181DA5B544}.Debug|x64.ActiveCfg = Debug|x64
		{AAD297C3-F835-4459-BCFA-77181DA5B544}.Debug|x64.Build.0 = Debug|x64
		{AAD297C3-F835-4459-BCFA-77181DA5B544}.Debug|x86.ActiveCfg = Debug|x86
		{AAD297C3-F835-4459-BCFA-77181DA5B544}.Debug|x86.Build.0 = Debug|x86
		{AAD297C3-F835-4459-BCFA-77181DA5B544}.Release|Any CPU.ActiveCfg = Release|Any CPU
		{AAD297C3-F835-4459-BCFA-77181DA5B544}.Release|Any CPU.Build.0 = Release|Any CPU
		{AAD297C3-F835-4459-BCFA-77181DA5B544}.Release|x64.ActiveCfg = Release|x64
		{AAD297C3-F835-4459-BCFA-77181DA5B544}.Release|x64.Build.0 = Release|x64
		{AAD297C3-F835-4459-BCFA-77181DA5B544}.Release|x86.ActiveCfg = Release|x86
		{AAD297C3-F835-4459-BCFA-77181DA5B544}.Release|x86.Build.0 = Release|x86
		{5448D070-946A-474B-8C84-3DDADBF306FE}.Debug|Any CPU.ActiveCfg = Debug|Any CPU
		{5448D070-946A-474B-8C84-3DDADBF306FE}.Debug|Any CPU.Build.0 = Debug|Any CPU
		{5448D070-946A-474B-8C84-3DDADBF306FE}.Debug|x64.ActiveCfg = Debug|Any CPU
		{5448D070-946A-474B-8C84-3DDADBF306FE}.Debug|x64.Build.0 = Debug|Any CPU
		{5448D070-946A-474B-8C84-3DDADBF306FE}.Debug|x86.ActiveCfg = Debug|Any CPU
		{5448D070-946A-474B-8C84-3DDADBF306FE}.Debug|x86.Build.0 = Debug|Any CPU
		{5448D070-946A-474B-8C84-3DDADBF306FE}.Release|Any CPU.ActiveCfg = Release|Any CPU
		{5448D070-946A-474B-8C84-3DDADBF306FE}.Release|Any CPU.Build.0 = Release|Any CPU
		{5448D070-946A-474B-8C84-3DDADBF306FE}.Release|x64.ActiveCfg = Release|Any CPU
		{5448D070-946A-474B-8C84-3DDADBF306FE}.Release|x64.Build.0 = Release|Any CPU
		{5448D070-946A-474B-8C84-3DDADBF306FE}.Release|x86.ActiveCfg = Release|x86
		{5448D070-946A-474B-8C84-3DDADBF306FE}.Release|x86.Build.0 = Release|x86
		{8DFF3633-BCB5-432F-94A3-3544D8DF5EC5}.Debug|Any CPU.ActiveCfg = Debug|Any CPU
		{8DFF3633-BCB5-432F-94A3-3544D8DF5EC5}.Debug|Any CPU.Build.0 = Debug|Any CPU
		{8DFF3633-BCB5-432F-94A3-3544D8DF5EC5}.Debug|x64.ActiveCfg = Debug|Any CPU
		{8DFF3633-BCB5-432F-94A3-3544D8DF5EC5}.Debug|x64.Build.0 = Debug|Any CPU
		{8DFF3633-BCB5-432F-94A3-3544D8DF5EC5}.Debug|x86.ActiveCfg = Debug|Any CPU
		{8DFF3633-BCB5-432F-94A3-3544D8DF5EC5}.Debug|x86.Build.0 = Debug|Any CPU
		{8DFF3633-BCB5-432F-94A3-3544D8DF5EC5}.Release|Any CPU.ActiveCfg = Release|Any CPU
		{8DFF3633-BCB5-432F-94A3-3544D8DF5EC5}.Release|Any CPU.Build.0 = Release|Any CPU
		{8DFF3633-BCB5-432F-94A3-3544D8DF5EC5}.Release|x64.ActiveCfg = Release|Any CPU
		{8DFF3633-BCB5-432F-94A3-3544D8DF5EC5}.Release|x64.Build.0 = Release|Any CPU
		{8DFF3633-BCB5-432F-94A3-3544D8DF5EC5}.Release|x86.ActiveCfg = Release|Any CPU
		{8DFF3633-BCB5-432F-94A3-3544D8DF5EC5}.Release|x86.Build.0 = Release|Any CPU
		{5D058C72-E564-4C03-A0C4-407522881002}.Debug|Any CPU.ActiveCfg = Debug|Any CPU
		{5D058C72-E564-4C03-A0C4-407522881002}.Debug|Any CPU.Build.0 = Debug|Any CPU
		{5D058C72-E564-4C03-A0C4-407522881002}.Debug|x64.ActiveCfg = Debug|Any CPU
		{5D058C72-E564-4C03-A0C4-407522881002}.Debug|x64.Build.0 = Debug|Any CPU
		{5D058C72-E564-4C03-A0C4-407522881002}.Debug|x86.ActiveCfg = Debug|Any CPU
		{5D058C72-E564-4C03-A0C4-407522881002}.Debug|x86.Build.0 = Debug|Any CPU
		{5D058C72-E564-4C03-A0C4-407522881002}.Release|Any CPU.ActiveCfg = Release|Any CPU
		{5D058C72-E564-4C03-A0C4-407522881002}.Release|Any CPU.Build.0 = Release|Any CPU
		{5D058C72-E564-4C03-A0C4-407522881002}.Release|x64.ActiveCfg = Release|Any CPU
		{5D058C72-E564-4C03-A0C4-407522881002}.Release|x64.Build.0 = Release|Any CPU
		{5D058C72-E564-4C03-A0C4-407522881002}.Release|x86.ActiveCfg = Release|Any CPU
		{5D058C72-E564-4C03-A0C4-407522881002}.Release|x86.Build.0 = Release|Any CPU
		{3191B816-2316-4E4B-BD2C-FF20087828B2}.Debug|Any CPU.ActiveCfg = Debug|Any CPU
		{3191B816-2316-4E4B-BD2C-FF20087828B2}.Debug|Any CPU.Build.0 = Debug|Any CPU
		{3191B816-2316-4E4B-BD2C-FF20087828B2}.Debug|x64.ActiveCfg = Debug|Any CPU
		{3191B816-2316-4E4B-BD2C-FF20087828B2}.Debug|x64.Build.0 = Debug|Any CPU
		{3191B816-2316-4E4B-BD2C-FF20087828B2}.Debug|x86.ActiveCfg = Debug|Any CPU
		{3191B816-2316-4E4B-BD2C-FF20087828B2}.Debug|x86.Build.0 = Debug|Any CPU
		{3191B816-2316-4E4B-BD2C-FF20087828B2}.Release|Any CPU.ActiveCfg = Release|Any CPU
		{3191B816-2316-4E4B-BD2C-FF20087828B2}.Release|Any CPU.Build.0 = Release|Any CPU
		{3191B816-2316-4E4B-BD2C-FF20087828B2}.Release|x64.ActiveCfg = Release|Any CPU
		{3191B816-2316-4E4B-BD2C-FF20087828B2}.Release|x64.Build.0 = Release|Any CPU
		{3191B816-2316-4E4B-BD2C-FF20087828B2}.Release|x86.ActiveCfg = Release|Any CPU
		{3191B816-2316-4E4B-BD2C-FF20087828B2}.Release|x86.Build.0 = Release|Any CPU
		{28F45C6F-203B-45A4-923A-C4FF1FE8C3E6}.Debug|Any CPU.ActiveCfg = Debug|Any CPU
		{28F45C6F-203B-45A4-923A-C4FF1FE8C3E6}.Debug|Any CPU.Build.0 = Debug|Any CPU
		{28F45C6F-203B-45A4-923A-C4FF1FE8C3E6}.Debug|x64.ActiveCfg = Debug|Any CPU
		{28F45C6F-203B-45A4-923A-C4FF1FE8C3E6}.Debug|x64.Build.0 = Debug|Any CPU
		{28F45C6F-203B-45A4-923A-C4FF1FE8C3E6}.Debug|x86.ActiveCfg = Debug|Any CPU
		{28F45C6F-203B-45A4-923A-C4FF1FE8C3E6}.Debug|x86.Build.0 = Debug|Any CPU
		{28F45C6F-203B-45A4-923A-C4FF1FE8C3E6}.Release|Any CPU.ActiveCfg = Release|Any CPU
		{28F45C6F-203B-45A4-923A-C4FF1FE8C3E6}.Release|Any CPU.Build.0 = Release|Any CPU
		{28F45C6F-203B-45A4-923A-C4FF1FE8C3E6}.Release|x64.ActiveCfg = Release|Any CPU
		{28F45C6F-203B-45A4-923A-C4FF1FE8C3E6}.Release|x64.Build.0 = Release|Any CPU
		{28F45C6F-203B-45A4-923A-C4FF1FE8C3E6}.Release|x86.ActiveCfg = Release|Any CPU
		{28F45C6F-203B-45A4-923A-C4FF1FE8C3E6}.Release|x86.Build.0 = Release|Any CPU
		{0E620BD0-A331-4659-98F2-5DEB76506F55}.Debug|Any CPU.ActiveCfg = Debug|Any CPU
		{0E620BD0-A331-4659-98F2-5DEB76506F55}.Debug|Any CPU.Build.0 = Debug|Any CPU
		{0E620BD0-A331-4659-98F2-5DEB76506F55}.Debug|x64.ActiveCfg = Debug|Any CPU
		{0E620BD0-A331-4659-98F2-5DEB76506F55}.Debug|x64.Build.0 = Debug|Any CPU
		{0E620BD0-A331-4659-98F2-5DEB76506F55}.Debug|x86.ActiveCfg = Debug|Any CPU
		{0E620BD0-A331-4659-98F2-5DEB76506F55}.Debug|x86.Build.0 = Debug|Any CPU
		{0E620BD0-A331-4659-98F2-5DEB76506F55}.Release|Any CPU.ActiveCfg = Release|Any CPU
		{0E620BD0-A331-4659-98F2-5DEB76506F55}.Release|Any CPU.Build.0 = Release|Any CPU
		{0E620BD0-A331-4659-98F2-5DEB76506F55}.Release|x64.ActiveCfg = Release|Any CPU
		{0E620BD0-A331-4659-98F2-5DEB76506F55}.Release|x64.Build.0 = Release|Any CPU
		{0E620BD0-A331-4659-98F2-5DEB76506F55}.Release|x86.ActiveCfg = Release|Any CPU
		{0E620BD0-A331-4659-98F2-5DEB76506F55}.Release|x86.Build.0 = Release|Any CPU
		{6A0C2630-66F1-4E7C-A47E-3059A3F5BDFB}.Debug|Any CPU.ActiveCfg = Debug|Any CPU
		{6A0C2630-66F1-4E7C-A47E-3059A3F5BDFB}.Debug|Any CPU.Build.0 = Debug|Any CPU
		{6A0C2630-66F1-4E7C-A47E-3059A3F5BDFB}.Debug|x64.ActiveCfg = Debug|Any CPU
		{6A0C2630-66F1-4E7C-A47E-3059A3F5BDFB}.Debug|x64.Build.0 = Debug|Any CPU
		{6A0C2630-66F1-4E7C-A47E-3059A3F5BDFB}.Debug|x86.ActiveCfg = Debug|Any CPU
		{6A0C2630-66F1-4E7C-A47E-3059A3F5BDFB}.Debug|x86.Build.0 = Debug|Any CPU
		{6A0C2630-66F1-4E7C-A47E-3059A3F5BDFB}.Release|Any CPU.ActiveCfg = Release|Any CPU
		{6A0C2630-66F1-4E7C-A47E-3059A3F5BDFB}.Release|Any CPU.Build.0 = Release|Any CPU
		{6A0C2630-66F1-4E7C-A47E-3059A3F5BDFB}.Release|x64.ActiveCfg = Release|Any CPU
		{6A0C2630-66F1-4E7C-A47E-3059A3F5BDFB}.Release|x64.Build.0 = Release|Any CPU
		{6A0C2630-66F1-4E7C-A47E-3059A3F5BDFB}.Release|x86.ActiveCfg = Release|Any CPU
		{6A0C2630-66F1-4E7C-A47E-3059A3F5BDFB}.Release|x86.Build.0 = Release|Any CPU
		{CE0D79C5-4730-44DB-9C01-2D2C0321AF6F}.Debug|Any CPU.ActiveCfg = Debug|Any CPU
		{CE0D79C5-4730-44DB-9C01-2D2C0321AF6F}.Debug|Any CPU.Build.0 = Debug|Any CPU
		{CE0D79C5-4730-44DB-9C01-2D2C0321AF6F}.Debug|x64.ActiveCfg = Debug|Any CPU
		{CE0D79C5-4730-44DB-9C01-2D2C0321AF6F}.Debug|x64.Build.0 = Debug|Any CPU
		{CE0D79C5-4730-44DB-9C01-2D2C0321AF6F}.Debug|x86.ActiveCfg = Debug|Any CPU
		{CE0D79C5-4730-44DB-9C01-2D2C0321AF6F}.Debug|x86.Build.0 = Debug|Any CPU
		{CE0D79C5-4730-44DB-9C01-2D2C0321AF6F}.Release|Any CPU.ActiveCfg = Release|Any CPU
		{CE0D79C5-4730-44DB-9C01-2D2C0321AF6F}.Release|Any CPU.Build.0 = Release|Any CPU
		{CE0D79C5-4730-44DB-9C01-2D2C0321AF6F}.Release|x64.ActiveCfg = Release|Any CPU
		{CE0D79C5-4730-44DB-9C01-2D2C0321AF6F}.Release|x64.Build.0 = Release|Any CPU
		{CE0D79C5-4730-44DB-9C01-2D2C0321AF6F}.Release|x86.ActiveCfg = Release|Any CPU
		{CE0D79C5-4730-44DB-9C01-2D2C0321AF6F}.Release|x86.Build.0 = Release|Any CPU
		{1F3936C7-7263-485C-BE81-235A7953E41A}.Debug|Any CPU.ActiveCfg = Debug|Any CPU
		{1F3936C7-7263-485C-BE81-235A7953E41A}.Debug|Any CPU.Build.0 = Debug|Any CPU
		{1F3936C7-7263-485C-BE81-235A7953E41A}.Debug|x64.ActiveCfg = Debug|Any CPU
		{1F3936C7-7263-485C-BE81-235A7953E41A}.Debug|x64.Build.0 = Debug|Any CPU
		{1F3936C7-7263-485C-BE81-235A7953E41A}.Debug|x86.ActiveCfg = Debug|Any CPU
		{1F3936C7-7263-485C-BE81-235A7953E41A}.Debug|x86.Build.0 = Debug|Any CPU
		{1F3936C7-7263-485C-BE81-235A7953E41A}.Release|Any CPU.ActiveCfg = Release|Any CPU
		{1F3936C7-7263-485C-BE81-235A7953E41A}.Release|Any CPU.Build.0 = Release|Any CPU
		{1F3936C7-7263-485C-BE81-235A7953E41A}.Release|x64.ActiveCfg = Release|Any CPU
		{1F3936C7-7263-485C-BE81-235A7953E41A}.Release|x64.Build.0 = Release|Any CPU
		{1F3936C7-7263-485C-BE81-235A7953E41A}.Release|x86.ActiveCfg = Release|Any CPU
		{1F3936C7-7263-485C-BE81-235A7953E41A}.Release|x86.Build.0 = Release|Any CPU
		{71D2CD21-A3EB-47B6-82B4-FBC766ADD1D9}.Debug|Any CPU.ActiveCfg = Debug|Any CPU
		{71D2CD21-A3EB-47B6-82B4-FBC766ADD1D9}.Debug|Any CPU.Build.0 = Debug|Any CPU
		{71D2CD21-A3EB-47B6-82B4-FBC766ADD1D9}.Debug|x64.ActiveCfg = Debug|Any CPU
		{71D2CD21-A3EB-47B6-82B4-FBC766ADD1D9}.Debug|x64.Build.0 = Debug|Any CPU
		{71D2CD21-A3EB-47B6-82B4-FBC766ADD1D9}.Debug|x86.ActiveCfg = Debug|Any CPU
		{71D2CD21-A3EB-47B6-82B4-FBC766ADD1D9}.Debug|x86.Build.0 = Debug|Any CPU
		{71D2CD21-A3EB-47B6-82B4-FBC766ADD1D9}.Release|Any CPU.ActiveCfg = Release|Any CPU
		{71D2CD21-A3EB-47B6-82B4-FBC766ADD1D9}.Release|Any CPU.Build.0 = Release|Any CPU
		{71D2CD21-A3EB-47B6-82B4-FBC766ADD1D9}.Release|x64.ActiveCfg = Release|Any CPU
		{71D2CD21-A3EB-47B6-82B4-FBC766ADD1D9}.Release|x64.Build.0 = Release|Any CPU
		{71D2CD21-A3EB-47B6-82B4-FBC766ADD1D9}.Release|x86.ActiveCfg = Release|Any CPU
		{71D2CD21-A3EB-47B6-82B4-FBC766ADD1D9}.Release|x86.Build.0 = Release|Any CPU
		{2F80C938-3A49-478F-9106-BED5D2816494}.Debug|Any CPU.ActiveCfg = Debug|Any CPU
		{2F80C938-3A49-478F-9106-BED5D2816494}.Debug|Any CPU.Build.0 = Debug|Any CPU
		{2F80C938-3A49-478F-9106-BED5D2816494}.Debug|x64.ActiveCfg = Debug|Any CPU
		{2F80C938-3A49-478F-9106-BED5D2816494}.Debug|x64.Build.0 = Debug|Any CPU
		{2F80C938-3A49-478F-9106-BED5D2816494}.Debug|x86.ActiveCfg = Debug|Any CPU
		{2F80C938-3A49-478F-9106-BED5D2816494}.Debug|x86.Build.0 = Debug|Any CPU
		{2F80C938-3A49-478F-9106-BED5D2816494}.Release|Any CPU.ActiveCfg = Release|Any CPU
		{2F80C938-3A49-478F-9106-BED5D2816494}.Release|Any CPU.Build.0 = Release|Any CPU
		{2F80C938-3A49-478F-9106-BED5D2816494}.Release|x64.ActiveCfg = Release|Any CPU
		{2F80C938-3A49-478F-9106-BED5D2816494}.Release|x64.Build.0 = Release|Any CPU
		{2F80C938-3A49-478F-9106-BED5D2816494}.Release|x86.ActiveCfg = Release|Any CPU
		{2F80C938-3A49-478F-9106-BED5D2816494}.Release|x86.Build.0 = Release|Any CPU
	EndGlobalSection
	GlobalSection(SolutionProperties) = preSolution
		HideSolutionNode = FALSE
	EndGlobalSection
	GlobalSection(NestedProjects) = preSolution
		{AAD297C3-F835-4459-BCFA-77181DA5B544} = {5486CFAB-FDB9-4E73-B591-714A718C3CE1}
		{5D058C72-E564-4C03-A0C4-407522881002} = {5486CFAB-FDB9-4E73-B591-714A718C3CE1}
		{3191B816-2316-4E4B-BD2C-FF20087828B2} = {C09B9773-E70C-4511-BB34-86B408C4DB78}
		{28F45C6F-203B-45A4-923A-C4FF1FE8C3E6} = {C09B9773-E70C-4511-BB34-86B408C4DB78}
		{0E620BD0-A331-4659-98F2-5DEB76506F55} = {5486CFAB-FDB9-4E73-B591-714A718C3CE1}
		{6A0C2630-66F1-4E7C-A47E-3059A3F5BDFB} = {DD15368E-3F27-47E5-B13B-3F68AF063D02}
		{CE0D79C5-4730-44DB-9C01-2D2C0321AF6F} = {5486CFAB-FDB9-4E73-B591-714A718C3CE1}
		{1F3936C7-7263-485C-BE81-235A7953E41A} = {DD15368E-3F27-47E5-B13B-3F68AF063D02}
		{71D2CD21-A3EB-47B6-82B4-FBC766ADD1D9} = {DD15368E-3F27-47E5-B13B-3F68AF063D02}
		{2F80C938-3A49-478F-9106-BED5D2816494} = {5486CFAB-FDB9-4E73-B591-714A718C3CE1}
	EndGlobalSection
	GlobalSection(ExtensibilityGlobals) = postSolution
		SolutionGuid = {18396FB3-E531-4B23-B2EA-912EC48A39D6}
	EndGlobalSection
EndGlobal
